
Microsoft Visual Studio Solution File, Format Version 12.00
# Visual Studio Version 17
VisualStudioVersion = 17.9.34728.123
MinimumVisualStudioVersion = 10.0.40219.1
Project("{888888A0-9F3D-457C-B088-3A5042F75D52}") = "PythonUnitTesting", "PythonUnitTesting\PythonUnitTesting.pyproj", "{30501366-98A6-47D4-96A1-4980D4C5C530}"
EndProject
Global
	GlobalSection(SolutionConfigurationPlatforms) = preSolution
		Debug|Any CPU = Debug|Any CPU
		Release|Any CPU = Release|Any CPU
	EndGlobalSection
	GlobalSection(ProjectConfigurationPlatforms) = postSolution
		{30501366-98A6-47D4-96A1-4980D4C5C530}.Debug|Any CPU.ActiveCfg = Debug|Any CPU
		{30501366-98A6-47D4-96A1-4980D4C5C530}.Release|Any CPU.ActiveCfg = Release|Any CPU
	EndGlobalSection
	GlobalSection(SolutionProperties) = preSolution
		HideSolutionNode = FALSE
	EndGlobalSection
	GlobalSection(ExtensibilityGlobals) = postSolution
		SolutionGuid = {96398BE7-3241-4DCD-B976-A48573C15145}
	EndGlobalSection
EndGlobal
